
Microsoft Visual Studio Solution File, Format Version 12.00
# Visual Studio Version 16
VisualStudioVersion = 16.0.31702.278
MinimumVisualStudioVersion = 10.0.40219.1
Project("{FAE04EC0-301F-11D3-BF4B-00C04F79EFBC}") = "Demo.Testes", "Demo.Testes\Demo.Testes.csproj", "{0F990E20-77C5-4156-8394-79CC5E69515F}"
EndProject
Global
	GlobalSection(SolutionConfigurationPlatforms) = preSolution
		Debug|Any CPU = Debug|Any CPU
		Release|Any CPU = Release|Any CPU
	EndGlobalSection
	GlobalSection(ProjectConfigurationPlatforms) = postSolution
		{0F990E20-77C5-4156-8394-79CC5E69515F}.Debug|Any CPU.ActiveCfg = Debug|Any CPU
		{0F990E20-77C5-4156-8394-79CC5E69515F}.Debug|Any CPU.Build.0 = Debug|Any CPU
		{0F990E20-77C5-4156-8394-79CC5E69515F}.Release|Any CPU.ActiveCfg = Release|Any CPU
		{0F990E20-77C5-4156-8394-79CC5E69515F}.Release|Any CPU.Build.0 = Release|Any CPU
	EndGlobalSection
	GlobalSection(SolutionProperties) = preSolution
		HideSolutionNode = FALSE
	EndGlobalSection
	GlobalSection(ExtensibilityGlobals) = postSolution
		SolutionGuid = {D61ED05B-A7D5-4438-87D8-9AE27359195F}
	EndGlobalSection
EndGlobal
