
Microsoft Visual Studio Solution File, Format Version 12.00
# Visual Studio Version 16
VisualStudioVersion = 16.0.31702.278
MinimumVisualStudioVersion = 10.0.40219.1
Project("{FAE04EC0-301F-11D3-BF4B-00C04F79EFBC}") = "desenvolvedor.Io", "desenvolvedor.Io\desenvolvedor.Io.csproj", "{AB3C0981-1213-402A-BCAB-0D5DFDE8E738}"
EndProject
Project("{FAE04EC0-301F-11D3-BF4B-00C04F79EFBC}") = "Tests", "Tests\Tests.csproj", "{EBEE0A23-43A3-4F48-B4FF-7282141B30CF}"
EndProject
Global
	GlobalSection(SolutionConfigurationPlatforms) = preSolution
		Debug|Any CPU = Debug|Any CPU
		Release|Any CPU = Release|Any CPU
	EndGlobalSection
	GlobalSection(ProjectConfigurationPlatforms) = postSolution
		{AB3C0981-1213-402A-BCAB-0D5DFDE8E738}.Debug|Any CPU.ActiveCfg = Debug|Any CPU
		{AB3C0981-1213-402A-BCAB-0D5DFDE8E738}.Debug|Any CPU.Build.0 = Debug|Any CPU
		{AB3C0981-1213-402A-BCAB-0D5DFDE8E738}.Release|Any CPU.ActiveCfg = Release|Any CPU
		{AB3C0981-1213-402A-BCAB-0D5DFDE8E738}.Release|Any CPU.Build.0 = Release|Any CPU
		{EBEE0A23-43A3-4F48-B4FF-7282141B30CF}.Debug|Any CPU.ActiveCfg = Debug|Any CPU
		{EBEE0A23-43A3-4F48-B4FF-7282141B30CF}.Debug|Any CPU.Build.0 = Debug|Any CPU
		{EBEE0A23-43A3-4F48-B4FF-7282141B30CF}.Release|Any CPU.ActiveCfg = Release|Any CPU
		{EBEE0A23-43A3-4F48-B4FF-7282141B30CF}.Release|Any CPU.Build.0 = Release|Any CPU
	EndGlobalSection
	GlobalSection(SolutionProperties) = preSolution
		HideSolutionNode = FALSE
	EndGlobalSection
	GlobalSection(ExtensibilityGlobals) = postSolution
		SolutionGuid = {0BFD816F-504E-47C1-A627-A60E131FB759}
	EndGlobalSection
EndGlobal
